{
  "name": "npm-test-project",
  "version": "0.0.1",
  "lockfileVersion": 1,
  "dependencies": {
    "npm-test-package-a": {
      "version": "github:hector-gomez/npm-test-package-a#b8de14ec7468e359fdde791c208059c6dc5f779e"
    },
    "npm-test-package-b": {
      "version": "github:hector-gomez/npm-test-package-b#57b653e8ea863f1dc4ae46c9e4893fcef7b40d6c"
    }
  }
}
